
Microsoft Visual Studio Solution File, Format Version 12.00
# Visual Studio 2012
Project("{FAE04EC0-301F-11D3-BF4B-00C04F79EFBC}") = "Ronda_de_Suerte", "Ronda_de_Suerte\Ronda_de_Suerte.csproj", "{F5A13639-27BC-48D6-94AB-3A9D4AE28773}"
EndProject
Global
	GlobalSection(SolutionConfigurationPlatforms) = preSolution
		Debug|Any CPU = Debug|Any CPU
		Release|Any CPU = Release|Any CPU
	EndGlobalSection
	GlobalSection(ProjectConfigurationPlatforms) = postSolution
		{F5A13639-27BC-48D6-94AB-3A9D4AE28773}.Debug|Any CPU.ActiveCfg = Debug|Any CPU
		{F5A13639-27BC-48D6-94AB-3A9D4AE28773}.Debug|Any CPU.Build.0 = Debug|Any CPU
		{F5A13639-27BC-48D6-94AB-3A9D4AE28773}.Release|Any CPU.ActiveCfg = Release|Any CPU
		{F5A13639-27BC-48D6-94AB-3A9D4AE28773}.Release|Any CPU.Build.0 = Release|Any CPU
	EndGlobalSection
	GlobalSection(SolutionProperties) = preSolution
		HideSolutionNode = FALSE
	EndGlobalSection
EndGlobal
